
Microsoft Visual Studio Solution File, Format Version 12.00
# Visual Studio Version 17
VisualStudioVersion = 17.5.33516.290
MinimumVisualStudioVersion = 10.0.40219.1
Project("{2150E333-8FDC-42A3-9474-1A3956D46DE8}") = "src", "src", "{B545036F-2D54-46A5-BBB9-1A57237815F0}"
EndProject
Project("{2150E333-8FDC-42A3-9474-1A3956D46DE8}") = "Ingest", "Ingest", "{091A9698-E34C-47C7-B459-7A7D2B739722}"
EndProject
Project("{2150E333-8FDC-42A3-9474-1A3956D46DE8}") = "Core", "Core", "{94CE0268-C3BB-49E2-8D80-38F0D6FDBE44}"
EndProject
Project("{2150E333-8FDC-42A3-9474-1A3956D46DE8}") = "Infrastructure", "Infrastructure", "{F50AFF63-0854-4F33-A79D-9F99C1483DFF}"
EndProject
Project("{9A19103F-16F7-4668-BE54-9A1E7A4F7556}") = "Emerson.Cargo.DataPipelines.Core", "Emerson.Cargo.DataPipelines.Core\Emerson.Cargo.DataPipelines.Core.csproj", "{7C7AA89D-7AF0-40C0-A2E1-2964B56D3306}"
EndProject
Project("{9A19103F-16F7-4668-BE54-9A1E7A4F7556}") = "Emerson.Cargo.DataPipelines.Domain", "Emerson.Cargo.DataPipelines.Domain\Emerson.Cargo.DataPipelines.Domain.csproj", "{EBC0DED0-C56B-4BD4-A4F5-E0372D2B2C84}"
EndProject
Project("{9A19103F-16F7-4668-BE54-9A1E7A4F7556}") = "Emerson.Cargo.DataPipelines.Infrastructure", "Emerson.Cargo.DataPipelines.Infrastructure\Emerson.Cargo.DataPipelines.Infrastructure.csproj", "{5C9FE669-B412-4C00-8485-3DAE37B84DFA}"
EndProject
Project("{9A19103F-16F7-4668-BE54-9A1E7A4F7556}") = "Emerson.Cargo.DataPipelines.Ingest", "Emerson.Cargo.DataPipelines.Ingest\Emerson.Cargo.DataPipelines.Ingest.csproj", "{17B8BBB9-8D52-4232-AA52-68E195953C8B}"
EndProject
Project("{2150E333-8FDC-42A3-9474-1A3956D46DE8}") = "test", "test", "{5B7F63D8-A7B7-42B2-86B9-5E1759A06B7B}"
EndProject
Project("{FAE04EC0-301F-11D3-BF4B-00C04F79EFBC}") = "Emerson.Cargo.DataPipelines.Infrastructure.UnitTests", "Emerson.Cargo.DataPipelines.Infrastructure.UnitTests\Emerson.Cargo.DataPipelines.Infrastructure.UnitTests.csproj", "{F0D03761-FB92-4A2A-8B29-13B054032B3B}"
EndProject
Project("{FAE04EC0-301F-11D3-BF4B-00C04F79EFBC}") = "Emerson.Cargo.DataPipelines.Core.UnitTests", "Emerson.Cargo.DataPipelines.Core.UnitTests\Emerson.Cargo.DataPipelines.Core.UnitTests.csproj", "{2B970053-E153-43A1-9542-DDE9C48C67A9}"
EndProject
Global
	GlobalSection(SolutionConfigurationPlatforms) = preSolution
		Debug|Any CPU = Debug|Any CPU
		Release|Any CPU = Release|Any CPU
	EndGlobalSection
	GlobalSection(ProjectConfigurationPlatforms) = postSolution
		{7C7AA89D-7AF0-40C0-A2E1-2964B56D3306}.Debug|Any CPU.ActiveCfg = Debug|Any CPU
		{7C7AA89D-7AF0-40C0-A2E1-2964B56D3306}.Debug|Any CPU.Build.0 = Debug|Any CPU
		{7C7AA89D-7AF0-40C0-A2E1-2964B56D3306}.Release|Any CPU.ActiveCfg = Release|Any CPU
		{7C7AA89D-7AF0-40C0-A2E1-2964B56D3306}.Release|Any CPU.Build.0 = Release|Any CPU
		{EBC0DED0-C56B-4BD4-A4F5-E0372D2B2C84}.Debug|Any CPU.ActiveCfg = Debug|Any CPU
		{EBC0DED0-C56B-4BD4-A4F5-E0372D2B2C84}.Debug|Any CPU.Build.0 = Debug|Any CPU
		{EBC0DED0-C56B-4BD4-A4F5-E0372D2B2C84}.Release|Any CPU.ActiveCfg = Release|Any CPU
		{EBC0DED0-C56B-4BD4-A4F5-E0372D2B2C84}.Release|Any CPU.Build.0 = Release|Any CPU
		{5C9FE669-B412-4C00-8485-3DAE37B84DFA}.Debug|Any CPU.ActiveCfg = Debug|Any CPU
		{5C9FE669-B412-4C00-8485-3DAE37B84DFA}.Debug|Any CPU.Build.0 = Debug|Any CPU
		{5C9FE669-B412-4C00-8485-3DAE37B84DFA}.Release|Any CPU.ActiveCfg = Release|Any CPU
		{5C9FE669-B412-4C00-8485-3DAE37B84DFA}.Release|Any CPU.Build.0 = Release|Any CPU
		{17B8BBB9-8D52-4232-AA52-68E195953C8B}.Debug|Any CPU.ActiveCfg = Debug|Any CPU
		{17B8BBB9-8D52-4232-AA52-68E195953C8B}.Debug|Any CPU.Build.0 = Debug|Any CPU
		{17B8BBB9-8D52-4232-AA52-68E195953C8B}.Release|Any CPU.ActiveCfg = Release|Any CPU
		{17B8BBB9-8D52-4232-AA52-68E195953C8B}.Release|Any CPU.Build.0 = Release|Any CPU
		{F0D03761-FB92-4A2A-8B29-13B054032B3B}.Debug|Any CPU.ActiveCfg = Debug|Any CPU
		{F0D03761-FB92-4A2A-8B29-13B054032B3B}.Debug|Any CPU.Build.0 = Debug|Any CPU
		{F0D03761-FB92-4A2A-8B29-13B054032B3B}.Release|Any CPU.ActiveCfg = Release|Any CPU
		{F0D03761-FB92-4A2A-8B29-13B054032B3B}.Release|Any CPU.Build.0 = Release|Any CPU
		{2B970053-E153-43A1-9542-DDE9C48C67A9}.Debug|Any CPU.ActiveCfg = Debug|Any CPU
		{2B970053-E153-43A1-9542-DDE9C48C67A9}.Debug|Any CPU.Build.0 = Debug|Any CPU
		{2B970053-E153-43A1-9542-DDE9C48C67A9}.Release|Any CPU.ActiveCfg = Release|Any CPU
		{2B970053-E153-43A1-9542-DDE9C48C67A9}.Release|Any CPU.Build.0 = Release|Any CPU
	EndGlobalSection
	GlobalSection(SolutionProperties) = preSolution
		HideSolutionNode = FALSE
	EndGlobalSection
	GlobalSection(NestedProjects) = preSolution
		{091A9698-E34C-47C7-B459-7A7D2B739722} = {B545036F-2D54-46A5-BBB9-1A57237815F0}
		{94CE0268-C3BB-49E2-8D80-38F0D6FDBE44} = {B545036F-2D54-46A5-BBB9-1A57237815F0}
		{F50AFF63-0854-4F33-A79D-9F99C1483DFF} = {B545036F-2D54-46A5-BBB9-1A57237815F0}
		{7C7AA89D-7AF0-40C0-A2E1-2964B56D3306} = {94CE0268-C3BB-49E2-8D80-38F0D6FDBE44}
		{EBC0DED0-C56B-4BD4-A4F5-E0372D2B2C84} = {94CE0268-C3BB-49E2-8D80-38F0D6FDBE44}
		{5C9FE669-B412-4C00-8485-3DAE37B84DFA} = {F50AFF63-0854-4F33-A79D-9F99C1483DFF}
		{17B8BBB9-8D52-4232-AA52-68E195953C8B} = {091A9698-E34C-47C7-B459-7A7D2B739722}
		{F0D03761-FB92-4A2A-8B29-13B054032B3B} = {5B7F63D8-A7B7-42B2-86B9-5E1759A06B7B}
		{2B970053-E153-43A1-9542-DDE9C48C67A9} = {5B7F63D8-A7B7-42B2-86B9-5E1759A06B7B}
	EndGlobalSection
	GlobalSection(ExtensibilityGlobals) = postSolution
		SolutionGuid = {3857BB35-E19A-4829-A872-35A2FACDA8B8}
	EndGlobalSection
EndGlobal
